
Microsoft Visual Studio Solution File, Format Version 11.00
# Visual Studio 2010
Project("{FAE04EC0-301F-11D3-BF4B-00C04F79EFBC}") = "TaskListPlus", "TaskListPlus\TaskListPlus.csproj", "{AF33C0D4-44AC-45BA-8EC2-476E8E74FFFA}"
EndProject
Global
	GlobalSection(SolutionConfigurationPlatforms) = preSolution
		Debug|Any CPU = Debug|Any CPU
		Release|Any CPU = Release|Any CPU
	EndGlobalSection
	GlobalSection(ProjectConfigurationPlatforms) = postSolution
		{AF33C0D4-44AC-45BA-8EC2-476E8E74FFFA}.Debug|Any CPU.ActiveCfg = Debug|Any CPU
		{AF33C0D4-44AC-45BA-8EC2-476E8E74FFFA}.Debug|Any CPU.Build.0 = Debug|Any CPU
		{AF33C0D4-44AC-45BA-8EC2-476E8E74FFFA}.Release|Any CPU.ActiveCfg = Release|Any CPU
		{AF33C0D4-44AC-45BA-8EC2-476E8E74FFFA}.Release|Any CPU.Build.0 = Release|Any CPU
	EndGlobalSection
	GlobalSection(SolutionProperties) = preSolution
		HideSolutionNode = FALSE
	EndGlobalSection
EndGlobal
